// !$*UTF8*$!
{
	archiveVersion = 1;
	classes = {
	};
	objectVersion = 56;
	objects = {

/* Begin PBXBuildFile section */
		350C1AC52CD08F9D000657A8 /* Poppins-ExtraLightItalic.ttf in Resources */ = {isa = PBXBuildFile; fileRef = 350C1AC42CD08F9D000657A8 /* Poppins-ExtraLightItalic.ttf */; };
		3534D12E2CD264AF00E256FB /* Liquefier.ttf in Resources */ = {isa = PBXBuildFile; fileRef = 3534D12D2CD264AF00E256FB /* Liquefier.ttf */; };
		35463DE12CB4E52500D4F549 /* UMaiApp.swift in Sources */ = {isa = PBXBuildFile; fileRef = 35463DE02CB4E52500D4F549 /* UMaiApp.swift */; };
		35463DE32CB4E52500D4F549 /* ContentView.swift in Sources */ = {isa = PBXBuildFile; fileRef = 35463DE22CB4E52500D4F549 /* ContentView.swift */; };
		35463DE52CB4E52600D4F549 /* Assets.xcassets in Resources */ = {isa = PBXBuildFile; fileRef = 35463DE42CB4E52600D4F549 /* Assets.xcassets */; };
		35463DE82CB4E52600D4F549 /* Preview Assets.xcassets in Resources */ = {isa = PBXBuildFile; fileRef = 35463DE72CB4E52600D4F549 /* Preview Assets.xcassets */; };
		355C37332CB8FB74000D38C4 /* restaurant.swift in Sources */ = {isa = PBXBuildFile; fileRef = 355C37322CB8FB74000D38C4 /* restaurant.swift */; };
		357395802CE5B724008C7BA2 /* DMSerifDisplay-Regular.ttf in Resources */ = {isa = PBXBuildFile; fileRef = 3573957E2CE5B724008C7BA2 /* DMSerifDisplay-Regular.ttf */; };
		357395812CE5B724008C7BA2 /* DMSerifDisplay-Italic.ttf in Resources */ = {isa = PBXBuildFile; fileRef = 3573957F2CE5B724008C7BA2 /* DMSerifDisplay-Italic.ttf */; };
		357448252CFEC31C00FB7ED6 /* SurveyView.swift in Sources */ = {isa = PBXBuildFile; fileRef = 357448242CFEC31C00FB7ED6 /* SurveyView.swift */; };
		357448272CFEC33200FB7ED6 /* LoginView.swift in Sources */ = {isa = PBXBuildFile; fileRef = 357448262CFEC33200FB7ED6 /* LoginView.swift */; };
		35A58B382CF20A1C0048DC62 /* ShareBTIView.swift in Sources */ = {isa = PBXBuildFile; fileRef = 35A58B362CF20A1C0048DC62 /* ShareBTIView.swift */; };
		35C3F3A52D07E80F00CBFE7A /* DetailView.swift in Sources */ = {isa = PBXBuildFile; fileRef = 35C3F3A42D07E80F00CBFE7A /* DetailView.swift */; };
		35C6538F2CFFFEE50094F446 /* SignupView.swift in Sources */ = {isa = PBXBuildFile; fileRef = 35C6538E2CFFFEE50094F446 /* SignupView.swift */; };
		35E64B4D2CF7068100443A36 /* HomeView.swift in Sources */ = {isa = PBXBuildFile; fileRef = 35E64B4C2CF7068100443A36 /* HomeView.swift */; };
		35E64B4F2CF7070D00443A36 /* PersonView.swift in Sources */ = {isa = PBXBuildFile; fileRef = 35E64B4E2CF7070D00443A36 /* PersonView.swift */; };
		35E64B512CF7075A00443A36 /* ListView.swift in Sources */ = {isa = PBXBuildFile; fileRef = 35E64B502CF7075A00443A36 /* ListView.swift */; };
		B196EEE32D0E2CEA00CAE647 /* MatBtiResultView.swift in Sources */ = {isa = PBXBuildFile; fileRef = B196EEE22D0E2CEA00CAE647 /* MatBtiResultView.swift */; };
		B1BCF4842CFDCC9C00A2FCC4 /* RestaurantViewModel.swift in Sources */ = {isa = PBXBuildFile; fileRef = B1BCF4832CFDCC9C00A2FCC4 /* RestaurantViewModel.swift */; };
		F5865BC72CFFFD76001D2FF4 /* RegisterViewModel.swift in Sources */ = {isa = PBXBuildFile; fileRef = F5865BC62CFFFD76001D2FF4 /* RegisterViewModel.swift */; };
/* End PBXBuildFile section */

/* Begin PBXFileReference section */
		350C1AC42CD08F9D000657A8 /* Poppins-ExtraLightItalic.ttf */ = {isa = PBXFileReference; lastKnownFileType = file; path = "Poppins-ExtraLightItalic.ttf"; sourceTree = "<group>"; };
		3534D12C2CD2605100E256FB /* Info.plist */ = {isa = PBXFileReference; lastKnownFileType = text.plist; path = Info.plist; sourceTree = "<group>"; };
		3534D12D2CD264AF00E256FB /* Liquefier.ttf */ = {isa = PBXFileReference; lastKnownFileType = file; path = Liquefier.ttf; sourceTree = "<group>"; };
		35463DDD2CB4E52500D4F549 /* UMai.app */ = {isa = PBXFileReference; explicitFileType = wrapper.application; includeInIndex = 0; path = UMai.app; sourceTree = BUILT_PRODUCTS_DIR; };
		35463DE02CB4E52500D4F549 /* UMaiApp.swift */ = {isa = PBXFileReference; lastKnownFileType = sourcecode.swift; path = UMaiApp.swift; sourceTree = "<group>"; };
		35463DE22CB4E52500D4F549 /* ContentView.swift */ = {isa = PBXFileReference; lastKnownFileType = sourcecode.swift; path = ContentView.swift; sourceTree = "<group>"; };
		35463DE42CB4E52600D4F549 /* Assets.xcassets */ = {isa = PBXFileReference; lastKnownFileType = folder.assetcatalog; path = Assets.xcassets; sourceTree = "<group>"; };
		35463DE72CB4E52600D4F549 /* Preview Assets.xcassets */ = {isa = PBXFileReference; lastKnownFileType = folder.assetcatalog; path = "Preview Assets.xcassets"; sourceTree = "<group>"; };
		355C37322CB8FB74000D38C4 /* restaurant.swift */ = {isa = PBXFileReference; lastKnownFileType = sourcecode.swift; name = restaurant.swift; path = ../restaurant.swift; sourceTree = "<group>"; };
		3573957E2CE5B724008C7BA2 /* DMSerifDisplay-Regular.ttf */ = {isa = PBXFileReference; lastKnownFileType = file; path = "DMSerifDisplay-Regular.ttf"; sourceTree = "<group>"; };
		3573957F2CE5B724008C7BA2 /* DMSerifDisplay-Italic.ttf */ = {isa = PBXFileReference; lastKnownFileType = file; path = "DMSerifDisplay-Italic.ttf"; sourceTree = "<group>"; };
		357448242CFEC31C00FB7ED6 /* SurveyView.swift */ = {isa = PBXFileReference; lastKnownFileType = sourcecode.swift; path = SurveyView.swift; sourceTree = "<group>"; };
		357448262CFEC33200FB7ED6 /* LoginView.swift */ = {isa = PBXFileReference; lastKnownFileType = sourcecode.swift; path = LoginView.swift; sourceTree = "<group>"; };
		35A58B362CF20A1C0048DC62 /* ShareBTIView.swift */ = {isa = PBXFileReference; fileEncoding = 4; lastKnownFileType = sourcecode.swift; path = ShareBTIView.swift; sourceTree = "<group>"; };
		35C3F3A42D07E80F00CBFE7A /* DetailView.swift */ = {isa = PBXFileReference; lastKnownFileType = sourcecode.swift; path = DetailView.swift; sourceTree = "<group>"; };
		35C6538E2CFFFEE50094F446 /* SignupView.swift */ = {isa = PBXFileReference; lastKnownFileType = sourcecode.swift; path = SignupView.swift; sourceTree = "<group>"; };
		35E64B4C2CF7068100443A36 /* HomeView.swift */ = {isa = PBXFileReference; lastKnownFileType = sourcecode.swift; name = HomeView.swift; path = ../HomeView.swift; sourceTree = "<group>"; };
		35E64B4E2CF7070D00443A36 /* PersonView.swift */ = {isa = PBXFileReference; lastKnownFileType = sourcecode.swift; name = PersonView.swift; path = UMai/PersonView.swift; sourceTree = SOURCE_ROOT; };
		35E64B502CF7075A00443A36 /* ListView.swift */ = {isa = PBXFileReference; lastKnownFileType = sourcecode.swift; name = ListView.swift; path = ../ListView.swift; sourceTree = "<group>"; };
		B196EEE22D0E2CEA00CAE647 /* MatBtiResultView.swift */ = {isa = PBXFileReference; fileEncoding = 4; lastKnownFileType = sourcecode.swift; name = MatBtiResultView.swift; path = ../../../../../../Desktop/MatBtiResultView.swift; sourceTree = "<group>"; };
		B1BCF4832CFDCC9C00A2FCC4 /* RestaurantViewModel.swift */ = {isa = PBXFileReference; lastKnownFileType = sourcecode.swift; name = RestaurantViewModel.swift; path = ../RestaurantViewModel.swift; sourceTree = "<group>"; };
		F5865BC62CFFFD76001D2FF4 /* RegisterViewModel.swift */ = {isa = PBXFileReference; lastKnownFileType = sourcecode.swift; path = RegisterViewModel.swift; sourceTree = "<group>"; };
/* End PBXFileReference section */

/* Begin PBXFrameworksBuildPhase section */
		35463DDA2CB4E52500D4F549 /* Frameworks */ = {
			isa = PBXFrameworksBuildPhase;
			buildActionMask = 2147483647;
			files = (
			);
			runOnlyForDeploymentPostprocessing = 0;
		};
/* End PBXFrameworksBuildPhase section */

/* Begin PBXGroup section */
		35463DD42CB4E52500D4F549 = {
			isa = PBXGroup;
			children = (
				35463DDF2CB4E52500D4F549 /* UMai */,
				35463DDE2CB4E52500D4F549 /* Products */,
			);
			sourceTree = "<group>";
		};
		35463DDE2CB4E52500D4F549 /* Products */ = {
			isa = PBXGroup;
			children = (
				35463DDD2CB4E52500D4F549 /* UMai.app */,
			);
			name = Products;
			sourceTree = "<group>";
		};
		35463DDF2CB4E52500D4F549 /* UMai */ = {
			isa = PBXGroup;
			children = (
				35463DE02CB4E52500D4F549 /* UMaiApp.swift */,
				35463DE22CB4E52500D4F549 /* ContentView.swift */,
				35C653902D0004390094F446 /* Model */,
				357448212CFEC2F800FB7ED6 /* Login */,
				354FA08B2CD33C9900ACC3BA /* Font */,
				3534D12C2CD2605100E256FB /* Info.plist */,
				35463DF02CB4E64E00D4F549 /* Sub */,
				35463DEF2CB4E64500D4F549 /* Person */,
				35463DEE2CB4E63600D4F549 /* Main */,
				35463DE42CB4E52600D4F549 /* Assets.xcassets */,
				35463DE62CB4E52600D4F549 /* Preview Content */,
			);
			path = UMai;
			sourceTree = "<group>";
		};
		35463DE62CB4E52600D4F549 /* Preview Content */ = {
			isa = PBXGroup;
			children = (
				35463DE72CB4E52600D4F549 /* Preview Assets.xcassets */,
			);
			path = "Preview Content";
			sourceTree = "<group>";
		};
		35463DEE2CB4E63600D4F549 /* Main */ = {
			isa = PBXGroup;
			children = (
				35E64B4C2CF7068100443A36 /* HomeView.swift */,
			);
			path = Main;
			sourceTree = "<group>";
		};
		35463DEF2CB4E64500D4F549 /* Person */ = {
			isa = PBXGroup;
			children = (
				35E64B4E2CF7070D00443A36 /* PersonView.swift */,
				35A58B362CF20A1C0048DC62 /* ShareBTIView.swift */,
			);
			path = Person;
			sourceTree = "<group>";
		};
		35463DF02CB4E64E00D4F549 /* Sub */ = {
			isa = PBXGroup;
			children = (
				35E64B502CF7075A00443A36 /* ListView.swift */,
				35C3F3A42D07E80F00CBFE7A /* DetailView.swift */,
			);
			path = Sub;
			sourceTree = "<group>";
		};
		354FA08B2CD33C9900ACC3BA /* Font */ = {
			isa = PBXGroup;
			children = (
				3573957F2CE5B724008C7BA2 /* DMSerifDisplay-Italic.ttf */,
				3573957E2CE5B724008C7BA2 /* DMSerifDisplay-Regular.ttf */,
				350C1AC42CD08F9D000657A8 /* Poppins-ExtraLightItalic.ttf */,
				3534D12D2CD264AF00E256FB /* Liquefier.ttf */,
			);
			path = Font;
			sourceTree = "<group>";
		};
		357448212CFEC2F800FB7ED6 /* Login */ = {
			isa = PBXGroup;
			children = (
				357448262CFEC33200FB7ED6 /* LoginView.swift */,
				357448242CFEC31C00FB7ED6 /* SurveyView.swift */,
				B196EEE22D0E2CEA00CAE647 /* MatBtiResultView.swift */,
				35C6538E2CFFFEE50094F446 /* SignupView.swift */,
			);
			path = Login;
			sourceTree = "<group>";
		};
		35C653902D0004390094F446 /* Model */ = {
			isa = PBXGroup;
			children = (
				355C37322CB8FB74000D38C4 /* restaurant.swift */,
				B1BCF4832CFDCC9C00A2FCC4 /* RestaurantViewModel.swift */,
				F5865BC62CFFFD76001D2FF4 /* RegisterViewModel.swift */,
			);
			path = Model;
			sourceTree = "<group>";
		};
/* End PBXGroup section */

/* Begin PBXNativeTarget section */
		35463DDC2CB4E52500D4F549 /* UMai */ = {
			isa = PBXNativeTarget;
			buildConfigurationList = 35463DEB2CB4E52600D4F549 /* Build configuration list for PBXNativeTarget "UMai" */;
			buildPhases = (
				35463DD92CB4E52500D4F549 /* Sources */,
				35463DDA2CB4E52500D4F549 /* Frameworks */,
				35463DDB2CB4E52500D4F549 /* Resources */,
			);
			buildRules = (
			);
			dependencies = (
			);
			name = UMai;
			productName = UMai;
			productReference = 35463DDD2CB4E52500D4F549 /* UMai.app */;
			productType = "com.apple.product-type.application";
		};
/* End PBXNativeTarget section */

/* Begin PBXProject section */
		35463DD52CB4E52500D4F549 /* Project object */ = {
			isa = PBXProject;
			attributes = {
				BuildIndependentTargetsInParallel = 1;
				LastSwiftUpdateCheck = 1540;
				LastUpgradeCheck = 1540;
				TargetAttributes = {
					35463DDC2CB4E52500D4F549 = {
						CreatedOnToolsVersion = 15.4;
					};
				};
			};
			buildConfigurationList = 35463DD82CB4E52500D4F549 /* Build configuration list for PBXProject "UMai" */;
			compatibilityVersion = "Xcode 14.0";
			developmentRegion = en;
			hasScannedForEncodings = 0;
			knownRegions = (
				en,
				Base,
			);
			mainGroup = 35463DD42CB4E52500D4F549;
			productRefGroup = 35463DDE2CB4E52500D4F549 /* Products */;
			projectDirPath = "";
			projectRoot = "";
			targets = (
				35463DDC2CB4E52500D4F549 /* UMai */,
			);
		};
/* End PBXProject section */

/* Begin PBXResourcesBuildPhase section */
		35463DDB2CB4E52500D4F549 /* Resources */ = {
			isa = PBXResourcesBuildPhase;
			buildActionMask = 2147483647;
			files = (
				357395812CE5B724008C7BA2 /* DMSerifDisplay-Italic.ttf in Resources */,
				357395802CE5B724008C7BA2 /* DMSerifDisplay-Regular.ttf in Resources */,
				3534D12E2CD264AF00E256FB /* Liquefier.ttf in Resources */,
				350C1AC52CD08F9D000657A8 /* Poppins-ExtraLightItalic.ttf in Resources */,
				35463DE82CB4E52600D4F549 /* Preview Assets.xcassets in Resources */,
				35463DE52CB4E52600D4F549 /* Assets.xcassets in Resources */,
			);
			runOnlyForDeploymentPostprocessing = 0;
		};
/* End PBXResourcesBuildPhase section */

/* Begin PBXSourcesBuildPhase section */
		35463DD92CB4E52500D4F549 /* Sources */ = {
			isa = PBXSourcesBuildPhase;
			buildActionMask = 2147483647;
			files = (
				355C37332CB8FB74000D38C4 /* restaurant.swift in Sources */,
				35A58B382CF20A1C0048DC62 /* ShareBTIView.swift in Sources */,
				35E64B4D2CF7068100443A36 /* HomeView.swift in Sources */,
				35C3F3A52D07E80F00CBFE7A /* DetailView.swift in Sources */,
				35E64B4F2CF7070D00443A36 /* PersonView.swift in Sources */,
				35463DE32CB4E52500D4F549 /* ContentView.swift in Sources */,
				357448252CFEC31C00FB7ED6 /* SurveyView.swift in Sources */,
				35463DE12CB4E52500D4F549 /* UMaiApp.swift in Sources */,
				B196EEE32D0E2CEA00CAE647 /* MatBtiResultView.swift in Sources */,
				357448272CFEC33200FB7ED6 /* LoginView.swift in Sources */,
				35C6538F2CFFFEE50094F446 /* SignupView.swift in Sources */,
				35E64B512CF7075A00443A36 /* ListView.swift in Sources */,
				B1BCF4842CFDCC9C00A2FCC4 /* RestaurantViewModel.swift in Sources */,
				F5865BC72CFFFD76001D2FF4 /* RegisterViewModel.swift in Sources */,
			);
			runOnlyForDeploymentPostprocessing = 0;
		};
/* End PBXSourcesBuildPhase section */

/* Begin XCBuildConfiguration section */
		35463DE92CB4E52600D4F549 /* Debug */ = {
			isa = XCBuildConfiguration;
			buildSettings = {
				ALWAYS_SEARCH_USER_PATHS = NO;
				ASSETCATALOG_COMPILER_GENERATE_SWIFT_ASSET_SYMBOL_EXTENSIONS = YES;
				CLANG_ANALYZER_NONNULL = YES;
				CLANG_ANALYZER_NUMBER_OBJECT_CONVERSION = YES_AGGRESSIVE;
				CLANG_CXX_LANGUAGE_STANDARD = "gnu++20";
				CLANG_ENABLE_MODULES = YES;
				CLANG_ENABLE_OBJC_ARC = YES;
				CLANG_ENABLE_OBJC_WEAK = YES;
				CLANG_WARN_BLOCK_CAPTURE_AUTORELEASING = YES;
				CLANG_WARN_BOOL_CONVERSION = YES;
				CLANG_WARN_COMMA = YES;
				CLANG_WARN_CONSTANT_CONVERSION = YES;
				CLANG_WARN_DEPRECATED_OBJC_IMPLEMENTATIONS = YES;
				CLANG_WARN_DIRECT_OBJC_ISA_USAGE = YES_ERROR;
				CLANG_WARN_DOCUMENTATION_COMMENTS = YES;
				CLANG_WARN_EMPTY_BODY = YES;
				CLANG_WARN_ENUM_CONVERSION = YES;
				CLANG_WARN_INFINITE_RECURSION = YES;
				CLANG_WARN_INT_CONVERSION = YES;
				CLANG_WARN_NON_LITERAL_NULL_CONVERSION = YES;
				CLANG_WARN_OBJC_IMPLICIT_RETAIN_SELF = YES;
				CLANG_WARN_OBJC_LITERAL_CONVERSION = YES;
				CLANG_WARN_OBJC_ROOT_CLASS = YES_ERROR;
				CLANG_WARN_QUOTED_INCLUDE_IN_FRAMEWORK_HEADER = YES;
				CLANG_WARN_RANGE_LOOP_ANALYSIS = YES;
				CLANG_WARN_STRICT_PROTOTYPES = YES;
				CLANG_WARN_SUSPICIOUS_MOVE = YES;
				CLANG_WARN_UNGUARDED_AVAILABILITY = YES_AGGRESSIVE;
				CLANG_WARN_UNREACHABLE_CODE = YES;
				CLANG_WARN__DUPLICATE_METHOD_MATCH = YES;
				COPY_PHASE_STRIP = NO;
				DEBUG_INFORMATION_FORMAT = dwarf;
				ENABLE_STRICT_OBJC_MSGSEND = YES;
				ENABLE_TESTABILITY = YES;
				ENABLE_USER_SCRIPT_SANDBOXING = YES;
				GCC_C_LANGUAGE_STANDARD = gnu17;
				GCC_DYNAMIC_NO_PIC = NO;
				GCC_NO_COMMON_BLOCKS = YES;
				GCC_OPTIMIZATION_LEVEL = 0;
				GCC_PREPROCESSOR_DEFINITIONS = (
					"DEBUG=1",
					"$(inherited)",
				);
				GCC_WARN_64_TO_32_BIT_CONVERSION = YES;
				GCC_WARN_ABOUT_RETURN_TYPE = YES_ERROR;
				GCC_WARN_UNDECLARED_SELECTOR = YES;
				GCC_WARN_UNINITIALIZED_AUTOS = YES_AGGRESSIVE;
				GCC_WARN_UNUSED_FUNCTION = YES;
				GCC_WARN_UNUSED_VARIABLE = YES;
				IPHONEOS_DEPLOYMENT_TARGET = 17.5;
				LOCALIZATION_PREFERS_STRING_CATALOGS = YES;
				MTL_ENABLE_DEBUG_INFO = INCLUDE_SOURCE;
				MTL_FAST_MATH = YES;
				ONLY_ACTIVE_ARCH = YES;
				SDKROOT = iphoneos;
				SWIFT_ACTIVE_COMPILATION_CONDITIONS = "DEBUG $(inherited)";
				SWIFT_OPTIMIZATION_LEVEL = "-Onone";
			};
			name = Debug;
		};
		35463DEA2CB4E52600D4F549 /* Release */ = {
			isa = XCBuildConfiguration;
			buildSettings = {
				ALWAYS_SEARCH_USER_PATHS = NO;
				ASSETCATALOG_COMPILER_GENERATE_SWIFT_ASSET_SYMBOL_EXTENSIONS = YES;
				CLANG_ANALYZER_NONNULL = YES;
				CLANG_ANALYZER_NUMBER_OBJECT_CONVERSION = YES_AGGRESSIVE;
				CLANG_CXX_LANGUAGE_STANDARD = "gnu++20";
				CLANG_ENABLE_MODULES = YES;
				CLANG_ENABLE_OBJC_ARC = YES;
				CLANG_ENABLE_OBJC_WEAK = YES;
				CLANG_WARN_BLOCK_CAPTURE_AUTORELEASING = YES;
				CLANG_WARN_BOOL_CONVERSION = YES;
				CLANG_WARN_COMMA = YES;
				CLANG_WARN_CONSTANT_CONVERSION = YES;
				CLANG_WARN_DEPRECATED_OBJC_IMPLEMENTATIONS = YES;
				CLANG_WARN_DIRECT_OBJC_ISA_USAGE = YES_ERROR;
				CLANG_WARN_DOCUMENTATION_COMMENTS = YES;
				CLANG_WARN_EMPTY_BODY = YES;
				CLANG_WARN_ENUM_CONVERSION = YES;
				CLANG_WARN_INFINITE_RECURSION = YES;
				CLANG_WARN_INT_CONVERSION = YES;
				CLANG_WARN_NON_LITERAL_NULL_CONVERSION = YES;
				CLANG_WARN_OBJC_IMPLICIT_RETAIN_SELF = YES;
				CLANG_WARN_OBJC_LITERAL_CONVERSION = YES;
				CLANG_WARN_OBJC_ROOT_CLASS = YES_ERROR;
				CLANG_WARN_QUOTED_INCLUDE_IN_FRAMEWORK_HEADER = YES;
				CLANG_WARN_RANGE_LOOP_ANALYSIS = YES;
				CLANG_WARN_STRICT_PROTOTYPES = YES;
				CLANG_WARN_SUSPICIOUS_MOVE = YES;
				CLANG_WARN_UNGUARDED_AVAILABILITY = YES_AGGRESSIVE;
				CLANG_WARN_UNREACHABLE_CODE = YES;
				CLANG_WARN__DUPLICATE_METHOD_MATCH = YES;
				COPY_PHASE_STRIP = NO;
				DEBUG_INFORMATION_FORMAT = "dwarf-with-dsym";
				ENABLE_NS_ASSERTIONS = NO;
				ENABLE_STRICT_OBJC_MSGSEND = YES;
				ENABLE_USER_SCRIPT_SANDBOXING = YES;
				GCC_C_LANGUAGE_STANDARD = gnu17;
				GCC_NO_COMMON_BLOCKS = YES;
				GCC_WARN_64_TO_32_BIT_CONVERSION = YES;
				GCC_WARN_ABOUT_RETURN_TYPE = YES_ERROR;
				GCC_WARN_UNDECLARED_SELECTOR = YES;
				GCC_WARN_UNINITIALIZED_AUTOS = YES_AGGRESSIVE;
				GCC_WARN_UNUSED_FUNCTION = YES;
				GCC_WARN_UNUSED_VARIABLE = YES;
				IPHONEOS_DEPLOYMENT_TARGET = 17.5;
				LOCALIZATION_PREFERS_STRING_CATALOGS = YES;
				MTL_ENABLE_DEBUG_INFO = NO;
				MTL_FAST_MATH = YES;
				SDKROOT = iphoneos;
				SWIFT_COMPILATION_MODE = wholemodule;
				VALIDATE_PRODUCT = YES;
			};
			name = Release;
		};
		35463DEC2CB4E52600D4F549 /* Debug */ = {
			isa = XCBuildConfiguration;
			buildSettings = {
				ASSETCATALOG_COMPILER_APPICON_NAME = AppIcon;
				ASSETCATALOG_COMPILER_GLOBAL_ACCENT_COLOR_NAME = AccentColor;
				CODE_SIGN_STYLE = Automatic;
				CURRENT_PROJECT_VERSION = 1;
				DEVELOPMENT_ASSET_PATHS = "\"UMai/Preview Content\"";
				ENABLE_PREVIEWS = YES;
				GENERATE_INFOPLIST_FILE = YES;
				INFOPLIST_FILE = UMai/Info.plist;
				INFOPLIST_KEY_UIApplicationSceneManifest_Generation = YES;
				INFOPLIST_KEY_UIApplicationSupportsIndirectInputEvents = YES;
				INFOPLIST_KEY_UILaunchScreen_Generation = YES;
				INFOPLIST_KEY_UIStatusBarStyle = "";
				INFOPLIST_KEY_UISupportedInterfaceOrientations_iPad = "UIInterfaceOrientationPortrait UIInterfaceOrientationPortraitUpsideDown UIInterfaceOrientationLandscapeLeft UIInterfaceOrientationLandscapeRight";
				INFOPLIST_KEY_UISupportedInterfaceOrientations_iPhone = "UIInterfaceOrientationPortrait UIInterfaceOrientationLandscapeLeft UIInterfaceOrientationLandscapeRight";
				LD_RUNPATH_SEARCH_PATHS = (
					"$(inherited)",
					"@executable_path/Frameworks",
				);
				MARKETING_VERSION = 1.0;
				PRODUCT_BUNDLE_IDENTIFIER = co.PeterPark.UMai;
				PRODUCT_NAME = "$(TARGET_NAME)";
				SWIFT_EMIT_LOC_STRINGS = YES;
				SWIFT_VERSION = 5.0;
				TARGETED_DEVICE_FAMILY = "1,2";
			};
			name = Debug;
		};
		35463DED2CB4E52600D4F549 /* Release */ = {
			isa = XCBuildConfiguration;
			buildSettings = {
				ASSETCATALOG_COMPILER_APPICON_NAME = AppIcon;
				ASSETCATALOG_COMPILER_GLOBAL_ACCENT_COLOR_NAME = AccentColor;
				CODE_SIGN_STYLE = Automatic;
				CURRENT_PROJECT_VERSION = 1;
				DEVELOPMENT_ASSET_PATHS = "\"UMai/Preview Content\"";
				ENABLE_PREVIEWS = YES;
				GENERATE_INFOPLIST_FILE = YES;
				INFOPLIST_FILE = UMai/Info.plist;
				INFOPLIST_KEY_UIApplicationSceneManifest_Generation = YES;
				INFOPLIST_KEY_UIApplicationSupportsIndirectInputEvents = YES;
				INFOPLIST_KEY_UILaunchScreen_Generation = YES;
				INFOPLIST_KEY_UIStatusBarStyle = "";
				INFOPLIST_KEY_UISupportedInterfaceOrientations_iPad = "UIInterfaceOrientationPortrait UIInterfaceOrientationPortraitUpsideDown UIInterfaceOrientationLandscapeLeft UIInterfaceOrientationLandscapeRight";
				INFOPLIST_KEY_UISupportedInterfaceOrientations_iPhone = "UIInterfaceOrientationPortrait UIInterfaceOrientationLandscapeLeft UIInterfaceOrientationLandscapeRight";
				LD_RUNPATH_SEARCH_PATHS = (
					"$(inherited)",
					"@executable_path/Frameworks",
				);
				MARKETING_VERSION = 1.0;
				PRODUCT_BUNDLE_IDENTIFIER = co.PeterPark.UMai;
				PRODUCT_NAME = "$(TARGET_NAME)";
				SWIFT_EMIT_LOC_STRINGS = YES;
				SWIFT_VERSION = 5.0;
				TARGETED_DEVICE_FAMILY = "1,2";
			};
			name = Release;
		};
/* End XCBuildConfiguration section */

/* Begin XCConfigurationList section */
		35463DD82CB4E52500D4F549 /* Build configuration list for PBXProject "UMai" */ = {
			isa = XCConfigurationList;
			buildConfigurations = (
				35463DE92CB4E52600D4F549 /* Debug */,
				35463DEA2CB4E52600D4F549 /* Release */,
			);
			defaultConfigurationIsVisible = 0;
			defaultConfigurationName = Release;
		};
		35463DEB2CB4E52600D4F549 /* Build configuration list for PBXNativeTarget "UMai" */ = {
			isa = XCConfigurationList;
			buildConfigurations = (
				35463DEC2CB4E52600D4F549 /* Debug */,
				35463DED2CB4E52600D4F549 /* Release */,
			);
			defaultConfigurationIsVisible = 0;
			defaultConfigurationName = Release;
		};
/* End XCConfigurationList section */
	};
	rootObject = 35463DD52CB4E52500D4F549 /* Project object */;
}
